
Microsoft Visual Studio Solution File, Format Version 12.00
# Visual Studio Version 16
VisualStudioVersion = 16.0.29911.84
MinimumVisualStudioVersion = 10.0.40219.1
Project("{9A19103F-16F7-4668-BE54-9A1E7A4F7556}") = "AzureQueueWriter", "AzureQueueWriter\AzureQueueWriter.csproj", "{C21FD6B8-AC37-4525-A86D-FB69973C80F7}"
EndProject
Project("{9A19103F-16F7-4668-BE54-9A1E7A4F7556}") = "QueueReader", "QueueReader\QueueReader.csproj", "{796C5C3C-630C-42B1-B8D5-5D9C3BB667FE}"
EndProject
Project("{FAE04EC0-301F-11D3-BF4B-00C04F79EFBC}") = "Common", "Common\Common.csproj", "{3C2FD82C-3298-4C41-89F5-46E6E8154B5C}"
EndProject
Global
	GlobalSection(SolutionConfigurationPlatforms) = preSolution
		Debug|Any CPU = Debug|Any CPU
		Release|Any CPU = Release|Any CPU
	EndGlobalSection
	GlobalSection(ProjectConfigurationPlatforms) = postSolution
		{C21FD6B8-AC37-4525-A86D-FB69973C80F7}.Debug|Any CPU.ActiveCfg = Debug|Any CPU
		{C21FD6B8-AC37-4525-A86D-FB69973C80F7}.Debug|Any CPU.Build.0 = Debug|Any CPU
		{C21FD6B8-AC37-4525-A86D-FB69973C80F7}.Release|Any CPU.ActiveCfg = Release|Any CPU
		{C21FD6B8-AC37-4525-A86D-FB69973C80F7}.Release|Any CPU.Build.0 = Release|Any CPU
		{796C5C3C-630C-42B1-B8D5-5D9C3BB667FE}.Debug|Any CPU.ActiveCfg = Debug|Any CPU
		{796C5C3C-630C-42B1-B8D5-5D9C3BB667FE}.Debug|Any CPU.Build.0 = Debug|Any CPU
		{796C5C3C-630C-42B1-B8D5-5D9C3BB667FE}.Release|Any CPU.ActiveCfg = Release|Any CPU
		{796C5C3C-630C-42B1-B8D5-5D9C3BB667FE}.Release|Any CPU.Build.0 = Release|Any CPU
		{3C2FD82C-3298-4C41-89F5-46E6E8154B5C}.Debug|Any CPU.ActiveCfg = Debug|Any CPU
		{3C2FD82C-3298-4C41-89F5-46E6E8154B5C}.Debug|Any CPU.Build.0 = Debug|Any CPU
		{3C2FD82C-3298-4C41-89F5-46E6E8154B5C}.Release|Any CPU.ActiveCfg = Release|Any CPU
		{3C2FD82C-3298-4C41-89F5-46E6E8154B5C}.Release|Any CPU.Build.0 = Release|Any CPU
	EndGlobalSection
	GlobalSection(SolutionProperties) = preSolution
		HideSolutionNode = FALSE
	EndGlobalSection
	GlobalSection(ExtensibilityGlobals) = postSolution
		SolutionGuid = {0B8974CE-6A20-4DFD-8A7C-48E4735889BC}
	EndGlobalSection
EndGlobal
