
Microsoft Visual Studio Solution File, Format Version 12.00
# Visual Studio Version 16
VisualStudioVersion = 16.0.30011.22
MinimumVisualStudioVersion = 10.0.40219.1
Project("{FAE04EC0-301F-11D3-BF4B-00C04F79EFBC}") = "FailoverTesting", "FailoverTesting\FailoverTesting.csproj", "{23224743-397C-4793-8FFC-EFE5C8BE7425}"
EndProject
Global
	GlobalSection(SolutionConfigurationPlatforms) = preSolution
		Debug|Any CPU = Debug|Any CPU
		Release|Any CPU = Release|Any CPU
	EndGlobalSection
	GlobalSection(ProjectConfigurationPlatforms) = postSolution
		{23224743-397C-4793-8FFC-EFE5C8BE7425}.Debug|Any CPU.ActiveCfg = Debug|Any CPU
		{23224743-397C-4793-8FFC-EFE5C8BE7425}.Debug|Any CPU.Build.0 = Debug|Any CPU
		{23224743-397C-4793-8FFC-EFE5C8BE7425}.Release|Any CPU.ActiveCfg = Release|Any CPU
		{23224743-397C-4793-8FFC-EFE5C8BE7425}.Release|Any CPU.Build.0 = Release|Any CPU
	EndGlobalSection
	GlobalSection(SolutionProperties) = preSolution
		HideSolutionNode = FALSE
	EndGlobalSection
	GlobalSection(ExtensibilityGlobals) = postSolution
		SolutionGuid = {5D6A39F5-1D03-4E5E-9447-B7104BB80D55}
	EndGlobalSection
EndGlobal
