
Microsoft Visual Studio Solution File, Format Version 12.00
# Visual Studio Version 16
VisualStudioVersion = 16.0.30320.27
MinimumVisualStudioVersion = 10.0.40219.1
Project("{9A19103F-16F7-4668-BE54-9A1E7A4F7556}") = "ConsumeQnAService", "ConsumeQnAService\ConsumeQnAService.csproj", "{454B2B11-25D2-4257-94CE-28AF9B148E94}"
EndProject
Project("{FAE04EC0-301F-11D3-BF4B-00C04F79EFBC}") = "TopWordsCustomSkill", "TopWordsCustomSkill\TopWordsCustomSkill.csproj", "{371D6D98-BF4C-445B-B51D-97C4977AEE0F}"
EndProject
Project("{FAE04EC0-301F-11D3-BF4B-00C04F79EFBC}") = "TestSamples", "TestSamples\TestSamples.csproj", "{F0CAA905-4A9F-4C62-91A1-4E25E6627BCF}"
EndProject
Global
	GlobalSection(SolutionConfigurationPlatforms) = preSolution
		Debug|Any CPU = Debug|Any CPU
		Release|Any CPU = Release|Any CPU
	EndGlobalSection
	GlobalSection(ProjectConfigurationPlatforms) = postSolution
		{454B2B11-25D2-4257-94CE-28AF9B148E94}.Debug|Any CPU.ActiveCfg = Debug|Any CPU
		{454B2B11-25D2-4257-94CE-28AF9B148E94}.Debug|Any CPU.Build.0 = Debug|Any CPU
		{454B2B11-25D2-4257-94CE-28AF9B148E94}.Release|Any CPU.ActiveCfg = Release|Any CPU
		{454B2B11-25D2-4257-94CE-28AF9B148E94}.Release|Any CPU.Build.0 = Release|Any CPU
		{371D6D98-BF4C-445B-B51D-97C4977AEE0F}.Debug|Any CPU.ActiveCfg = Debug|Any CPU
		{371D6D98-BF4C-445B-B51D-97C4977AEE0F}.Debug|Any CPU.Build.0 = Debug|Any CPU
		{371D6D98-BF4C-445B-B51D-97C4977AEE0F}.Release|Any CPU.ActiveCfg = Release|Any CPU
		{371D6D98-BF4C-445B-B51D-97C4977AEE0F}.Release|Any CPU.Build.0 = Release|Any CPU
		{F0CAA905-4A9F-4C62-91A1-4E25E6627BCF}.Debug|Any CPU.ActiveCfg = Debug|Any CPU
		{F0CAA905-4A9F-4C62-91A1-4E25E6627BCF}.Debug|Any CPU.Build.0 = Debug|Any CPU
		{F0CAA905-4A9F-4C62-91A1-4E25E6627BCF}.Release|Any CPU.ActiveCfg = Release|Any CPU
		{F0CAA905-4A9F-4C62-91A1-4E25E6627BCF}.Release|Any CPU.Build.0 = Release|Any CPU
	EndGlobalSection
	GlobalSection(SolutionProperties) = preSolution
		HideSolutionNode = FALSE
	EndGlobalSection
	GlobalSection(ExtensibilityGlobals) = postSolution
		SolutionGuid = {98CB4FBA-B8C4-4C9B-97BE-851F65E8711C}
	EndGlobalSection
EndGlobal
